# This file is automatically @generated by Cargo.
# It is not intended for manual editing.
version = 3

[[package]]
name = "libbz2-rs-sys"
version = "0.1.1"
dependencies = [
 "libc",
]

[[package]]
name = "libbz2-rs-sys-cdylib"
version = "0.1.1"
dependencies = [
 "libbz2-rs-sys",
 "libc",
]

[[package]]
name = "libc"
version = "0.2.167"
source = "registry+https://github.com/rust-lang/crates.io-index"
checksum = "09d6582e104315a817dff97f75133544b2e094ee22447d2acf4a74e189ba06fc"
